
Microsoft Visual Studio Solution File, Format Version 12.00
# Visual Studio 15
Project("{FAE04EC0-301F-11D3-BF4B-00C04F79EFBC}") = "Assembly-CSharp", "Assembly-CSharp.csproj", "{98E64676-D309-7288-D6F1-29B82843CA44}"
EndProject
Project("{FAE04EC0-301F-11D3-BF4B-00C04F79EFBC}") = "Assembly-CSharp-Editor", "Assembly-CSharp-Editor.csproj", "{A822CB69-79CF-9A53-5D1B-76380D277D08}"
EndProject
Global
	GlobalSection(SolutionConfigurationPlatforms) = preSolution
		Debug|Any CPU = Debug|Any CPU
		Release|Any CPU = Release|Any CPU
	EndGlobalSection
	GlobalSection(ProjectConfigurationPlatforms) = postSolution
		{98E64676-D309-7288-D6F1-29B82843CA44}.Debug|Any CPU.ActiveCfg = Debug|Any CPU
		{98E64676-D309-7288-D6F1-29B82843CA44}.Debug|Any CPU.Build.0 = Debug|Any CPU
		{98E64676-D309-7288-D6F1-29B82843CA44}.Release|Any CPU.ActiveCfg = Release|Any CPU
		{98E64676-D309-7288-D6F1-29B82843CA44}.Release|Any CPU.Build.0 = Release|Any CPU
		{A822CB69-79CF-9A53-5D1B-76380D277D08}.Debug|Any CPU.ActiveCfg = Debug|Any CPU
		{A822CB69-79CF-9A53-5D1B-76380D277D08}.Debug|Any CPU.Build.0 = Debug|Any CPU
		{A822CB69-79CF-9A53-5D1B-76380D277D08}.Release|Any CPU.ActiveCfg = Release|Any CPU
		{A822CB69-79CF-9A53-5D1B-76380D277D08}.Release|Any CPU.Build.0 = Release|Any CPU
	EndGlobalSection
	GlobalSection(SolutionProperties) = preSolution
		HideSolutionNode = FALSE
	EndGlobalSection
EndGlobal
